
Microsoft Visual Studio Solution File, Format Version 12.00
Project("{FAE04EC0-301F-11D3-BF4B-00C04F79EFBC}") = "GTFO_DRP", "GTFO_DRP\GTFO_DRP.csproj", "{28D1A825-2248-4F26-9886-12349A2C6F1A}"
EndProject
Global
	GlobalSection(SolutionConfigurationPlatforms) = preSolution
		Debug|Any CPU = Debug|Any CPU
		Release|Any CPU = Release|Any CPU
	EndGlobalSection
	GlobalSection(ProjectConfigurationPlatforms) = postSolution
		{28D1A825-2248-4F26-9886-12349A2C6F1A}.Debug|Any CPU.ActiveCfg = Debug|Any CPU
		{28D1A825-2248-4F26-9886-12349A2C6F1A}.Debug|Any CPU.Build.0 = Debug|Any CPU
		{28D1A825-2248-4F26-9886-12349A2C6F1A}.Release|Any CPU.ActiveCfg = Release|Any CPU
		{28D1A825-2248-4F26-9886-12349A2C6F1A}.Release|Any CPU.Build.0 = Release|Any CPU
	EndGlobalSection
EndGlobal
